
Microsoft Visual Studio Solution File, Format Version 12.00
# Visual Studio Version 17
VisualStudioVersion = 17.5.002.0
MinimumVisualStudioVersion = 10.0.40219.1
Project("{FAE04EC0-301F-11D3-BF4B-00C04F79EFBC}") = "HolisticWare.Tools.Aspire.Hosting.Clients.Python", "HolisticWare.Tools.Aspire.Hosting.Clients.Python\HolisticWare.Tools.Aspire.Hosting.Clients.Python.csproj", "{38514C12-7140-43A5-97E5-78BB40F21199}"
EndProject
Global
	GlobalSection(SolutionConfigurationPlatforms) = preSolution
		Debug|Any CPU = Debug|Any CPU
		Release|Any CPU = Release|Any CPU
	EndGlobalSection
	GlobalSection(ProjectConfigurationPlatforms) = postSolution
		{38514C12-7140-43A5-97E5-78BB40F21199}.Debug|Any CPU.ActiveCfg = Debug|Any CPU
		{38514C12-7140-43A5-97E5-78BB40F21199}.Debug|Any CPU.Build.0 = Debug|Any CPU
		{38514C12-7140-43A5-97E5-78BB40F21199}.Release|Any CPU.ActiveCfg = Release|Any CPU
		{38514C12-7140-43A5-97E5-78BB40F21199}.Release|Any CPU.Build.0 = Release|Any CPU
	EndGlobalSection
	GlobalSection(SolutionProperties) = preSolution
		HideSolutionNode = FALSE
	EndGlobalSection
	GlobalSection(ExtensibilityGlobals) = postSolution
		SolutionGuid = {C1E6C636-9E58-47DF-A85D-20F9D6D1ACD0}
	EndGlobalSection
EndGlobal
